
Microsoft Visual Studio Solution File, Format Version 11.00
# Visual C++ Express 2010
Project("{8BC9CEB8-8B4A-11D0-8D11-00A0C91BC942}") = "R1", "R1\R1.vcxproj", "{F4FC0C85-6486-4E2B-88AA-BAF5599DE1DE}"
EndProject
Global
	GlobalSection(SolutionConfigurationPlatforms) = preSolution
		Debug|Win32 = Debug|Win32
		Release|Win32 = Release|Win32
	EndGlobalSection
	GlobalSection(ProjectConfigurationPlatforms) = postSolution
		{F4FC0C85-6486-4E2B-88AA-BAF5599DE1DE}.Debug|Win32.ActiveCfg = Debug|Win32
		{F4FC0C85-6486-4E2B-88AA-BAF5599DE1DE}.Debug|Win32.Build.0 = Debug|Win32
		{F4FC0C85-6486-4E2B-88AA-BAF5599DE1DE}.Release|Win32.ActiveCfg = Release|Win32
		{F4FC0C85-6486-4E2B-88AA-BAF5599DE1DE}.Release|Win32.Build.0 = Release|Win32
	EndGlobalSection
	GlobalSection(SolutionProperties) = preSolution
		HideSolutionNode = FALSE
	EndGlobalSection
EndGlobal
